
Microsoft Visual Studio Solution File, Format Version 12.00
# Visual Studio 15
VisualStudioVersion = 15.0.27703.2042
MinimumVisualStudioVersion = 10.0.40219.1
Project("{FAE04EC0-301F-11D3-BF4B-00C04F79EFBC}") = "BatteryStatus", "BatteryStatus\BatteryStatus\BatteryStatus.csproj", "{653404E0-C783-432E-98B1-796610D25D54}"
EndProject
Project("{FAE04EC0-301F-11D3-BF4B-00C04F79EFBC}") = "BatteryStatus.Android", "BatteryStatus\BatteryStatus.Android\BatteryStatus.Android.csproj", "{F356408D-CD8F-40AC-AF5D-8CC64A15BF9C}"
EndProject
Project("{FAE04EC0-301F-11D3-BF4B-00C04F79EFBC}") = "BatteryStatus.iOS", "BatteryStatus\BatteryStatus.iOS\BatteryStatus.iOS.csproj", "{71E6DDD6-CBB6-421A-AE2E-8469D432D719}"
EndProject
Global
	GlobalSection(SolutionConfigurationPlatforms) = preSolution
		Ad-Hoc|Any CPU = Ad-Hoc|Any CPU
		Ad-Hoc|iPhone = Ad-Hoc|iPhone
		Ad-Hoc|iPhoneSimulator = Ad-Hoc|iPhoneSimulator
		AppStore|Any CPU = AppStore|Any CPU
		AppStore|iPhone = AppStore|iPhone
		AppStore|iPhoneSimulator = AppStore|iPhoneSimulator
		Debug|Any CPU = Debug|Any CPU
		Debug|iPhone = Debug|iPhone
		Debug|iPhoneSimulator = Debug|iPhoneSimulator
		Release|Any CPU = Release|Any CPU
		Release|iPhone = Release|iPhone
		Release|iPhoneSimulator = Release|iPhoneSimulator
	EndGlobalSection
	GlobalSection(ProjectConfigurationPlatforms) = postSolution
		{653404E0-C783-432E-98B1-796610D25D54}.Ad-Hoc|Any CPU.ActiveCfg = Debug|Any CPU
		{653404E0-C783-432E-98B1-796610D25D54}.Ad-Hoc|Any CPU.Build.0 = Debug|Any CPU
		{653404E0-C783-432E-98B1-796610D25D54}.Ad-Hoc|iPhone.ActiveCfg = Debug|Any CPU
		{653404E0-C783-432E-98B1-796610D25D54}.Ad-Hoc|iPhone.Build.0 = Debug|Any CPU
		{653404E0-C783-432E-98B1-796610D25D54}.Ad-Hoc|iPhoneSimulator.ActiveCfg = Debug|Any CPU
		{653404E0-C783-432E-98B1-796610D25D54}.Ad-Hoc|iPhoneSimulator.Build.0 = Debug|Any CPU
		{653404E0-C783-432E-98B1-796610D25D54}.AppStore|Any CPU.ActiveCfg = Debug|Any CPU
		{653404E0-C783-432E-98B1-796610D25D54}.AppStore|Any CPU.Build.0 = Debug|Any CPU
		{653404E0-C783-432E-98B1-796610D25D54}.AppStore|iPhone.ActiveCfg = Debug|Any CPU
		{653404E0-C783-432E-98B1-796610D25D54}.AppStore|iPhone.Build.0 = Debug|Any CPU
		{653404E0-C783-432E-98B1-796610D25D54}.AppStore|iPhoneSimulator.ActiveCfg = Debug|Any CPU
		{653404E0-C783-432E-98B1-796610D25D54}.AppStore|iPhoneSimulator.Build.0 = Debug|Any CPU
		{653404E0-C783-432E-98B1-796610D25D54}.Debug|Any CPU.ActiveCfg = Debug|Any CPU
		{653404E0-C783-432E-98B1-796610D25D54}.Debug|Any CPU.Build.0 = Debug|Any CPU
		{653404E0-C783-432E-98B1-796610D25D54}.Debug|iPhone.ActiveCfg = Debug|Any CPU
		{653404E0-C783-432E-98B1-796610D25D54}.Debug|iPhone.Build.0 = Debug|Any CPU
		{653404E0-C783-432E-98B1-796610D25D54}.Debug|iPhoneSimulator.ActiveCfg = Debug|Any CPU
		{653404E0-C783-432E-98B1-796610D25D54}.Debug|iPhoneSimulator.Build.0 = Debug|Any CPU
		{653404E0-C783-432E-98B1-796610D25D54}.Release|Any CPU.ActiveCfg = Release|Any CPU
		{653404E0-C783-432E-98B1-796610D25D54}.Release|Any CPU.Build.0 = Release|Any CPU
		{653404E0-C783-432E-98B1-796610D25D54}.Release|iPhone.ActiveCfg = Release|Any CPU
		{653404E0-C783-432E-98B1-796610D25D54}.Release|iPhone.Build.0 = Release|Any CPU
		{653404E0-C783-432E-98B1-796610D25D54}.Release|iPhoneSimulator.ActiveCfg = Release|Any CPU
		{653404E0-C783-432E-98B1-796610D25D54}.Release|iPhoneSimulator.Build.0 = Release|Any CPU
		{F356408D-CD8F-40AC-AF5D-8CC64A15BF9C}.Ad-Hoc|Any CPU.ActiveCfg = Release|Any CPU
		{F356408D-CD8F-40AC-AF5D-8CC64A15BF9C}.Ad-Hoc|Any CPU.Build.0 = Release|Any CPU
		{F356408D-CD8F-40AC-AF5D-8CC64A15BF9C}.Ad-Hoc|Any CPU.Deploy.0 = Release|Any CPU
		{F356408D-CD8F-40AC-AF5D-8CC64A15BF9C}.Ad-Hoc|iPhone.ActiveCfg = Release|Any CPU
		{F356408D-CD8F-40AC-AF5D-8CC64A15BF9C}.Ad-Hoc|iPhone.Build.0 = Release|Any CPU
		{F356408D-CD8F-40AC-AF5D-8CC64A15BF9C}.Ad-Hoc|iPhone.Deploy.0 = Release|Any CPU
		{F356408D-CD8F-40AC-AF5D-8CC64A15BF9C}.Ad-Hoc|iPhoneSimulator.ActiveCfg = Release|Any CPU
		{F356408D-CD8F-40AC-AF5D-8CC64A15BF9C}.Ad-Hoc|iPhoneSimulator.Build.0 = Release|Any CPU
		{F356408D-CD8F-40AC-AF5D-8CC64A15BF9C}.Ad-Hoc|iPhoneSimulator.Deploy.0 = Release|Any CPU
		{F356408D-CD8F-40AC-AF5D-8CC64A15BF9C}.AppStore|Any CPU.ActiveCfg = Release|Any CPU
		{F356408D-CD8F-40AC-AF5D-8CC64A15BF9C}.AppStore|Any CPU.Build.0 = Release|Any CPU
		{F356408D-CD8F-40AC-AF5D-8CC64A15BF9C}.AppStore|Any CPU.Deploy.0 = Release|Any CPU
		{F356408D-CD8F-40AC-AF5D-8CC64A15BF9C}.AppStore|iPhone.ActiveCfg = Release|Any CPU
		{F356408D-CD8F-40AC-AF5D-8CC64A15BF9C}.AppStore|iPhone.Build.0 = Release|Any CPU
		{F356408D-CD8F-40AC-AF5D-8CC64A15BF9C}.AppStore|iPhone.Deploy.0 = Release|Any CPU
		{F356408D-CD8F-40AC-AF5D-8CC64A15BF9C}.AppStore|iPhoneSimulator.ActiveCfg = Release|Any CPU
		{F356408D-CD8F-40AC-AF5D-8CC64A15BF9C}.AppStore|iPhoneSimulator.Build.0 = Release|Any CPU
		{F356408D-CD8F-40AC-AF5D-8CC64A15BF9C}.AppStore|iPhoneSimulator.Deploy.0 = Release|Any CPU
		{F356408D-CD8F-40AC-AF5D-8CC64A15BF9C}.Debug|Any CPU.ActiveCfg = Debug|Any CPU
		{F356408D-CD8F-40AC-AF5D-8CC64A15BF9C}.Debug|Any CPU.Build.0 = Debug|Any CPU
		{F356408D-CD8F-40AC-AF5D-8CC64A15BF9C}.Debug|Any CPU.Deploy.0 = Debug|Any CPU
		{F356408D-CD8F-40AC-AF5D-8CC64A15BF9C}.Debug|iPhone.ActiveCfg = Debug|Any CPU
		{F356408D-CD8F-40AC-AF5D-8CC64A15BF9C}.Debug|iPhone.Build.0 = Debug|Any CPU
		{F356408D-CD8F-40AC-AF5D-8CC64A15BF9C}.Debug|iPhone.Deploy.0 = Debug|Any CPU
		{F356408D-CD8F-40AC-AF5D-8CC64A15BF9C}.Debug|iPhoneSimulator.ActiveCfg = Debug|Any CPU
		{F356408D-CD8F-40AC-AF5D-8CC64A15BF9C}.Debug|iPhoneSimulator.Build.0 = Debug|Any CPU
		{F356408D-CD8F-40AC-AF5D-8CC64A15BF9C}.Debug|iPhoneSimulator.Deploy.0 = Debug|Any CPU
		{F356408D-CD8F-40AC-AF5D-8CC64A15BF9C}.Release|Any CPU.ActiveCfg = Release|Any CPU
		{F356408D-CD8F-40AC-AF5D-8CC64A15BF9C}.Release|Any CPU.Build.0 = Release|Any CPU
		{F356408D-CD8F-40AC-AF5D-8CC64A15BF9C}.Release|Any CPU.Deploy.0 = Release|Any CPU
		{F356408D-CD8F-40AC-AF5D-8CC64A15BF9C}.Release|iPhone.ActiveCfg = Release|Any CPU
		{F356408D-CD8F-40AC-AF5D-8CC64A15BF9C}.Release|iPhone.Build.0 = Release|Any CPU
		{F356408D-CD8F-40AC-AF5D-8CC64A15BF9C}.Release|iPhone.Deploy.0 = Release|Any CPU
		{F356408D-CD8F-40AC-AF5D-8CC64A15BF9C}.Release|iPhoneSimulator.ActiveCfg = Release|Any CPU
		{F356408D-CD8F-40AC-AF5D-8CC64A15BF9C}.Release|iPhoneSimulator.Build.0 = Release|Any CPU
		{F356408D-CD8F-40AC-AF5D-8CC64A15BF9C}.Release|iPhoneSimulator.Deploy.0 = Release|Any CPU
		{71E6DDD6-CBB6-421A-AE2E-8469D432D719}.Ad-Hoc|Any CPU.ActiveCfg = Ad-Hoc|iPhone
		{71E6DDD6-CBB6-421A-AE2E-8469D432D719}.Ad-Hoc|iPhone.ActiveCfg = Ad-Hoc|iPhone
		{71E6DDD6-CBB6-421A-AE2E-8469D432D719}.Ad-Hoc|iPhone.Build.0 = Ad-Hoc|iPhone
		{71E6DDD6-CBB6-421A-AE2E-8469D432D719}.Ad-Hoc|iPhoneSimulator.ActiveCfg = Ad-Hoc|iPhoneSimulator
		{71E6DDD6-CBB6-421A-AE2E-8469D432D719}.Ad-Hoc|iPhoneSimulator.Build.0 = Ad-Hoc|iPhoneSimulator
		{71E6DDD6-CBB6-421A-AE2E-8469D432D719}.AppStore|Any CPU.ActiveCfg = AppStore|iPhone
		{71E6DDD6-CBB6-421A-AE2E-8469D432D719}.AppStore|iPhone.ActiveCfg = AppStore|iPhone
		{71E6DDD6-CBB6-421A-AE2E-8469D432D719}.AppStore|iPhone.Build.0 = AppStore|iPhone
		{71E6DDD6-CBB6-421A-AE2E-8469D432D719}.AppStore|iPhoneSimulator.ActiveCfg = AppStore|iPhoneSimulator
		{71E6DDD6-CBB6-421A-AE2E-8469D432D719}.AppStore|iPhoneSimulator.Build.0 = AppStore|iPhoneSimulator
		{71E6DDD6-CBB6-421A-AE2E-8469D432D719}.Debug|Any CPU.ActiveCfg = Debug|iPhone
		{71E6DDD6-CBB6-421A-AE2E-8469D432D719}.Debug|iPhone.ActiveCfg = Debug|iPhone
		{71E6DDD6-CBB6-421A-AE2E-8469D432D719}.Debug|iPhone.Build.0 = Debug|iPhone
		{71E6DDD6-CBB6-421A-AE2E-8469D432D719}.Debug|iPhoneSimulator.ActiveCfg = Debug|iPhoneSimulator
		{71E6DDD6-CBB6-421A-AE2E-8469D432D719}.Debug|iPhoneSimulator.Build.0 = Debug|iPhoneSimulator
		{71E6DDD6-CBB6-421A-AE2E-8469D432D719}.Release|Any CPU.ActiveCfg = Release|iPhone
		{71E6DDD6-CBB6-421A-AE2E-8469D432D719}.Release|iPhone.ActiveCfg = Release|iPhone
		{71E6DDD6-CBB6-421A-AE2E-8469D432D719}.Release|iPhone.Build.0 = Release|iPhone
		{71E6DDD6-CBB6-421A-AE2E-8469D432D719}.Release|iPhoneSimulator.ActiveCfg = Release|iPhoneSimulator
		{71E6DDD6-CBB6-421A-AE2E-8469D432D719}.Release|iPhoneSimulator.Build.0 = Release|iPhoneSimulator
	EndGlobalSection
	GlobalSection(SolutionProperties) = preSolution
		HideSolutionNode = FALSE
	EndGlobalSection
	GlobalSection(ExtensibilityGlobals) = postSolution
		SolutionGuid = {81802D8F-FDDB-458E-949C-B28F1CA83655}
	EndGlobalSection
EndGlobal
